
Microsoft Visual Studio Solution File, Format Version 12.00
# Visual Studio Version 16
VisualStudioVersion = 16.0.30503.244
MinimumVisualStudioVersion = 10.0.40219.1
Project("{FAE04EC0-301F-11D3-BF4B-00C04F79EFBC}") = "Licensing", "GiveLicense\Licensing.csproj", "{875597FE-4D61-417E-9580-BBE751DE70EF}"
EndProject
Global
	GlobalSection(SolutionConfigurationPlatforms) = preSolution
		Debug|Any CPU = Debug|Any CPU
		Release|Any CPU = Release|Any CPU
	EndGlobalSection
	GlobalSection(ProjectConfigurationPlatforms) = postSolution
		{875597FE-4D61-417E-9580-BBE751DE70EF}.Debug|Any CPU.ActiveCfg = Debug|Any CPU
		{875597FE-4D61-417E-9580-BBE751DE70EF}.Debug|Any CPU.Build.0 = Debug|Any CPU
		{875597FE-4D61-417E-9580-BBE751DE70EF}.Release|Any CPU.ActiveCfg = Release|Any CPU
		{875597FE-4D61-417E-9580-BBE751DE70EF}.Release|Any CPU.Build.0 = Release|Any CPU
	EndGlobalSection
	GlobalSection(SolutionProperties) = preSolution
		HideSolutionNode = FALSE
	EndGlobalSection
	GlobalSection(ExtensibilityGlobals) = postSolution
		SolutionGuid = {E0455A4C-DFC7-4AC3-8361-AA8F194297BC}
	EndGlobalSection
EndGlobal
